
Microsoft Visual Studio Solution File, Format Version 12.00
# Visual Studio 14
VisualStudioVersion = 14.0.25420.1
MinimumVisualStudioVersion = 10.0.40219.1
Project("{FAE04EC0-301F-11D3-BF4B-00C04F79EFBC}") = "Student Attendance System", "Student Attendance System\Student Attendance System.csproj", "{24A536B4-4E90-4A91-AF33-77C45B245B84}"
EndProject
Global
	GlobalSection(SolutionConfigurationPlatforms) = preSolution
		Debug|Any CPU = Debug|Any CPU
		Release|Any CPU = Release|Any CPU
	EndGlobalSection
	GlobalSection(ProjectConfigurationPlatforms) = postSolution
		{24A536B4-4E90-4A91-AF33-77C45B245B84}.Debug|Any CPU.ActiveCfg = Debug|Any CPU
		{24A536B4-4E90-4A91-AF33-77C45B245B84}.Debug|Any CPU.Build.0 = Debug|Any CPU
		{24A536B4-4E90-4A91-AF33-77C45B245B84}.Release|Any CPU.ActiveCfg = Release|Any CPU
		{24A536B4-4E90-4A91-AF33-77C45B245B84}.Release|Any CPU.Build.0 = Release|Any CPU
	EndGlobalSection
	GlobalSection(SolutionProperties) = preSolution
		HideSolutionNode = FALSE
	EndGlobalSection
EndGlobal
